
Microsoft Visual Studio Solution File, Format Version 12.00
# Visual Studio 15
VisualStudioVersion = 15.0.26730.16
MinimumVisualStudioVersion = 10.0.40219.1
Project("{9A19103F-16F7-4668-BE54-9A1E7A4F7556}") = "AlexaMorseCode", "AlexaMorseCode\AlexaMorseCode.csproj", "{00833587-B9DC-438B-8250-D07023959ECD}"
EndProject
Global
	GlobalSection(SolutionConfigurationPlatforms) = preSolution
		Debug|Any CPU = Debug|Any CPU
		Release|Any CPU = Release|Any CPU
	EndGlobalSection
	GlobalSection(ProjectConfigurationPlatforms) = postSolution
		{00833587-B9DC-438B-8250-D07023959ECD}.Debug|Any CPU.ActiveCfg = Debug|Any CPU
		{00833587-B9DC-438B-8250-D07023959ECD}.Debug|Any CPU.Build.0 = Debug|Any CPU
		{00833587-B9DC-438B-8250-D07023959ECD}.Release|Any CPU.ActiveCfg = Release|Any CPU
		{00833587-B9DC-438B-8250-D07023959ECD}.Release|Any CPU.Build.0 = Release|Any CPU
	EndGlobalSection
	GlobalSection(SolutionProperties) = preSolution
		HideSolutionNode = FALSE
	EndGlobalSection
	GlobalSection(ExtensibilityGlobals) = postSolution
		SolutionGuid = {2D5CDC66-574A-4082-A043-2D5359D6F8F7}
	EndGlobalSection
EndGlobal
